// !$*UTF8*$!
{
	archiveVersion = 1;
	classes = {
	};
	objectVersion = 77;
	objects = {

/* Begin PBXBuildFile section */
		3A2D72F47477633484367ADC /* AppleMusicShareExtension.appex in Embed Foundation Extensions */ = {isa = PBXBuildFile; fileRef = BC3A0CF5A0AB7CC0DF917AC1 /* AppleMusicShareExtension.appex */; settings = {ATTRIBUTES = (RemoveHeadersOnCopy, ); }; };
		BA832D652F90D2A80023DEE7 /* WidgetKit.framework in Frameworks */ = {isa = PBXBuildFile; fileRef = BA832D642F90D2A80023DEE7 /* WidgetKit.framework */; };
		BA832D672F90D2A80023DEE7 /* SwiftUI.framework in Frameworks */ = {isa = PBXBuildFile; fileRef = BA832D662F90D2A80023DEE7 /* SwiftUI.framework */; };
		BA832D782F90D2AA0023DEE7 /* TheWidgetExtension.appex in Embed Foundation Extensions */ = {isa = PBXBuildFile; fileRef = BA832D622F90D2A80023DEE7 /* TheWidgetExtension.appex */; settings = {ATTRIBUTES = (RemoveHeadersOnCopy, ); }; };
		C10000000000000000000002 /* RemoteMediaSessionExtension.appex in Embed Foundation Extensions */ = {isa = PBXBuildFile; fileRef = C10000000000000000000001 /* RemoteMediaSessionExtension.appex */; settings = {ATTRIBUTES = (RemoveHeadersOnCopy, ); }; };
/* End PBXBuildFile section */

/* Begin PBXContainerItemProxy section */
		4BFFCA8AAE4E1FE7D453C015 /* PBXContainerItemProxy */ = {
			isa = PBXContainerItemProxy;
			containerPortal = BA832D482F90D1690023DEE7 /* Project object */;
			proxyType = 1;
			remoteGlobalIDString = 8D65F719D012899BDE575D0A;
			remoteInfo = AppleMusicShareExtension;
		};
		BA832D762F90D2AA0023DEE7 /* PBXContainerItemProxy */ = {
			isa = PBXContainerItemProxy;
			containerPortal = BA832D482F90D1690023DEE7 /* Project object */;
			proxyType = 1;
			remoteGlobalIDString = BA832D612F90D2A80023DEE7;
			remoteInfo = TheWidgetExtension;
		};
		BA832DA02F92E1000023DEE7 /* PBXContainerItemProxy */ = {
			isa = PBXContainerItemProxy;
			containerPortal = BA832D482F90D1690023DEE7 /* Project object */;
			proxyType = 1;
			remoteGlobalIDString = BA832D4F2F90D1690023DEE7;
			remoteInfo = SonosWidget;
		};
		C10000000000000000000003 /* PBXContainerItemProxy */ = {
			isa = PBXContainerItemProxy;
			containerPortal = BA832D482F90D1690023DEE7 /* Project object */;
			proxyType = 1;
			remoteGlobalIDString = C10000000000000000000007;
			remoteInfo = RemoteMediaSessionExtension;
		};
/* End PBXContainerItemProxy section */

/* Begin PBXCopyFilesBuildPhase section */
		BA832D7D2F90D2AA0023DEE7 /* Embed Foundation Extensions */ = {
			isa = PBXCopyFilesBuildPhase;
			buildActionMask = 2147483647;
			dstPath = "";
			dstSubfolderSpec = 13;
			files = (
				BA832D782F90D2AA0023DEE7 /* TheWidgetExtension.appex in Embed Foundation Extensions */,
				3A2D72F47477633484367ADC /* AppleMusicShareExtension.appex in Embed Foundation Extensions */,
			);
			name = "Embed Foundation Extensions";
			runOnlyForDeploymentPostprocessing = 0;
		};
		C1000000000000000000000F /* Embed Remote Media Extension */ = {
			isa = PBXCopyFilesBuildPhase;
			buildActionMask = 2147483647;
			dstPath = "$(EXTENSIONS_FOLDER_PATH)";
			dstSubfolderSpec = 16;
			files = (
				C10000000000000000000002 /* RemoteMediaSessionExtension.appex in Embed Foundation Extensions */,
			);
			name = "Embed Remote Media Extension";
			runOnlyForDeploymentPostprocessing = 0;
		};
/* End PBXCopyFilesBuildPhase section */

/* Begin PBXFileReference section */
		BA832D502F90D1690023DEE7 /* SonosWidget.app */ = {isa = PBXFileReference; explicitFileType = wrapper.application; includeInIndex = 0; path = SonosWidget.app; sourceTree = BUILT_PRODUCTS_DIR; };
		BA832D622F90D2A80023DEE7 /* TheWidgetExtension.appex */ = {isa = PBXFileReference; explicitFileType = "wrapper.app-extension"; includeInIndex = 0; path = TheWidgetExtension.appex; sourceTree = BUILT_PRODUCTS_DIR; };
		BA832D642F90D2A80023DEE7 /* WidgetKit.framework */ = {isa = PBXFileReference; lastKnownFileType = wrapper.framework; name = WidgetKit.framework; path = System/Library/Frameworks/WidgetKit.framework; sourceTree = SDKROOT; };
		BA832D662F90D2A80023DEE7 /* SwiftUI.framework */ = {isa = PBXFileReference; lastKnownFileType = wrapper.framework; name = SwiftUI.framework; path = System/Library/Frameworks/SwiftUI.framework; sourceTree = SDKROOT; };
		BA832D932F90E0020023DEE7 /* SonosOAuth.xcconfig */ = {isa = PBXFileReference; lastKnownFileType = text.xcconfig; path = SonosOAuth.xcconfig; sourceTree = "<group>"; };
		BA832D942F90E0020023DEE7 /* SonosSecrets.example.xcconfig */ = {isa = PBXFileReference; lastKnownFileType = text.xcconfig; path = SonosSecrets.example.xcconfig; sourceTree = "<group>"; };
		BA832D972F92E1000023DEE7 /* SonosWidgetTests.xctest */ = {isa = PBXFileReference; explicitFileType = wrapper.cfbundle; includeInIndex = 0; path = SonosWidgetTests.xctest; sourceTree = BUILT_PRODUCTS_DIR; };
		BC3A0CF5A0AB7CC0DF917AC1 /* AppleMusicShareExtension.appex */ = {isa = PBXFileReference; explicitFileType = "wrapper.app-extension"; includeInIndex = 0; path = AppleMusicShareExtension.appex; sourceTree = BUILT_PRODUCTS_DIR; };
		C10000000000000000000001 /* RemoteMediaSessionExtension.appex */ = {isa = PBXFileReference; explicitFileType = "wrapper.app-extension"; includeInIndex = 0; path = RemoteMediaSessionExtension.appex; sourceTree = BUILT_PRODUCTS_DIR; };
/* End PBXFileReference section */

/* Begin PBXFileSystemSynchronizedBuildFileExceptionSet section */
		6EC748E641EF79A68F8D3565 /* Exceptions for "AppleMusicShareExtension" folder in "AppleMusicShareExtension" target */ = {
			isa = PBXFileSystemSynchronizedBuildFileExceptionSet;
			membershipExceptions = (
				Info.plist,
			);
			target = 8D65F719D012899BDE575D0A /* AppleMusicShareExtension */;
		};
		BA832D792F90D2AA0023DEE7 /* Exceptions for "TheWidget" folder in "TheWidgetExtension" target */ = {
			isa = PBXFileSystemSynchronizedBuildFileExceptionSet;
			membershipExceptions = (
				Info.plist,
			);
			target = BA832D612F90D2A80023DEE7 /* TheWidgetExtension */;
		};
		BA832D7E2F90D3000023DEE7 /* Exceptions for "SonosWidget" folder in "SonosWidget" target */ = {
			isa = PBXFileSystemSynchronizedBuildFileExceptionSet;
			membershipExceptions = (
				Info.plist,
			);
			target = BA832D4F2F90D1690023DEE7 /* SonosWidget */;
		};
		BA832D962F92D0000023DEE7 /* Exceptions for "Shared" folder in "TheWidgetExtension" target */ = {
			isa = PBXFileSystemSynchronizedBuildFileExceptionSet;
			membershipExceptions = (
				AlbumPaletteExtractor.swift,
				AppleMusicHandoff.swift,
				HandoffMatcher.swift,
				HueAmbienceRelayConfig.swift,
				HueAmbienceRenderer.swift,
				HueAmbienceStore.swift,
				HueBridgeClient.swift,
				HueCredentialStore.swift,
				MusicAmbienceManager.swift,
			);
			target = BA832D612F90D2A80023DEE7 /* TheWidgetExtension */;
		};
		BA832DA22F930A000023DEE7 /* Exceptions for "Shared" folder in "SonosWidgetTests" target */ = {
			isa = PBXFileSystemSynchronizedBuildFileExceptionSet;
			membershipExceptions = (
				AgentClient.swift,
				AgentManager.swift,
				AlbumPaletteExtractor.swift,
				AppleMusicHandoff.swift,
				BrandMedia.xcassets,
				BrowseItemPlaybackDescriptor.swift,
				DominantColor.swift,
				ExpandableText.swift,
				HandoffMatcher.swift,
				HueAmbienceModels.swift,
				HueAmbienceRelayConfig.swift,
				HueAmbienceRenderer.swift,
				HueAmbienceStore.swift,
				HueBridgeClient.swift,
				HueCredentialStore.swift,
				Models.swift,
				MusicAmbienceManager.swift,
				QueueArtDiskCache.swift,
				RelayClient.swift,
				RelayManager.swift,
				SharedStorage.swift,
				SonosAPI.swift,
				SonosAppleMusicTrackResolver.swift,
				SonosAuth.swift,
				SonosCloudAPI.swift,
				SonosControl.swift,
				SourceBadgeView.swift,
				StreamingServiceBranding.swift,
				ToastModifier.swift,
			);
			target = BA832D9C2F92E1000023DEE7 /* SonosWidgetTests */;
		};
		C10000000000000000000004 /* Exceptions for "RemoteMediaSessionExtension" folder in "RemoteMediaSessionExtension" target */ = {
			isa = PBXFileSystemSynchronizedBuildFileExceptionSet;
			membershipExceptions = (
				Info.plist,
			);
			target = C10000000000000000000007 /* RemoteMediaSessionExtension */;
		};
/* End PBXFileSystemSynchronizedBuildFileExceptionSet section */

/* Begin PBXFileSystemSynchronizedRootGroup section */
		9288B861AA7E06A6E5623D0D /* AppleMusicShareExtension */ = {
			isa = PBXFileSystemSynchronizedRootGroup;
			exceptions = (
				6EC748E641EF79A68F8D3565 /* Exceptions for "AppleMusicShareExtension" folder in "AppleMusicShareExtension" target */,
			);
			path = AppleMusicShareExtension;
			sourceTree = "<group>";
		};
		BA832D522F90D1690023DEE7 /* SonosWidget */ = {
			isa = PBXFileSystemSynchronizedRootGroup;
			exceptions = (
				BA832D7E2F90D3000023DEE7 /* Exceptions for "SonosWidget" folder in "SonosWidget" target */,
			);
			path = SonosWidget;
			sourceTree = "<group>";
		};
		BA832D682F90D2A80023DEE7 /* TheWidget */ = {
			isa = PBXFileSystemSynchronizedRootGroup;
			exceptions = (
				BA832D792F90D2AA0023DEE7 /* Exceptions for "TheWidget" folder in "TheWidgetExtension" target */,
			);
			path = TheWidget;
			sourceTree = "<group>";
		};
		BA832D802F90D3000023DEE7 /* Shared */ = {
			isa = PBXFileSystemSynchronizedRootGroup;
			exceptions = (
				BA832D962F92D0000023DEE7 /* Exceptions for "Shared" folder in "TheWidgetExtension" target */,
				BA832DA22F930A000023DEE7 /* Exceptions for "Shared" folder in "SonosWidgetTests" target */,
			);
			path = Shared;
			sourceTree = "<group>";
		};
		BA832D982F92E1000023DEE7 /* SonosWidgetTests */ = {
			isa = PBXFileSystemSynchronizedRootGroup;
			path = SonosWidgetTests;
			sourceTree = "<group>";
		};
		C10000000000000000000005 /* RemoteMediaSessionExtension */ = {
			isa = PBXFileSystemSynchronizedRootGroup;
			exceptions = (
				C10000000000000000000004 /* Exceptions for "RemoteMediaSessionExtension" folder in "RemoteMediaSessionExtension" target */,
			);
			path = RemoteMediaSessionExtension;
			sourceTree = "<group>";
		};
		C1000000000000000000000E /* RemoteMediaSessionShared */ = {
			isa = PBXFileSystemSynchronizedRootGroup;
			path = RemoteMediaSessionShared;
			sourceTree = "<group>";
		};
/* End PBXFileSystemSynchronizedRootGroup section */

/* Begin PBXFrameworksBuildPhase section */
		BA832D4D2F90D1690023DEE7 /* Frameworks */ = {
			isa = PBXFrameworksBuildPhase;
			buildActionMask = 2147483647;
			files = (
			);
			runOnlyForDeploymentPostprocessing = 0;
		};
		BA832D5F2F90D2A80023DEE7 /* Frameworks */ = {
			isa = PBXFrameworksBuildPhase;
			buildActionMask = 2147483647;
			files = (
				BA832D672F90D2A80023DEE7 /* SwiftUI.framework in Frameworks */,
				BA832D652F90D2A80023DEE7 /* WidgetKit.framework in Frameworks */,
			);
			runOnlyForDeploymentPostprocessing = 0;
		};
		BA832D9A2F92E1000023DEE7 /* Frameworks */ = {
			isa = PBXFrameworksBuildPhase;
			buildActionMask = 2147483647;
			files = (
			);
			runOnlyForDeploymentPostprocessing = 0;
		};
		F368F35FA2491DDD1FE27C76 /* Frameworks */ = {
			isa = PBXFrameworksBuildPhase;
			buildActionMask = 2147483647;
			files = (
			);
			runOnlyForDeploymentPostprocessing = 0;
		};
		C10000000000000000000006 /* Frameworks */ = {
			isa = PBXFrameworksBuildPhase;
			buildActionMask = 2147483647;
			files = (
			);
			runOnlyForDeploymentPostprocessing = 0;
		};
/* End PBXFrameworksBuildPhase section */

/* Begin PBXGroup section */
		BA832D472F90D1690023DEE7 = {
			isa = PBXGroup;
			children = (
				BA832D952F90E0020023DEE7 /* Config */,
				BA832D522F90D1690023DEE7 /* SonosWidget */,
				BA832D802F90D3000023DEE7 /* Shared */,
				C1000000000000000000000E /* RemoteMediaSessionShared */,
				BA832D682F90D2A80023DEE7 /* TheWidget */,
				9288B861AA7E06A6E5623D0D /* AppleMusicShareExtension */,
				C10000000000000000000005 /* RemoteMediaSessionExtension */,
				BA832D982F92E1000023DEE7 /* SonosWidgetTests */,
				BA832D632F90D2A80023DEE7 /* Frameworks */,
				BA832D512F90D1690023DEE7 /* Products */,
			);
			sourceTree = "<group>";
		};
		BA832D512F90D1690023DEE7 /* Products */ = {
			isa = PBXGroup;
			children = (
				BA832D502F90D1690023DEE7 /* SonosWidget.app */,
				BA832D622F90D2A80023DEE7 /* TheWidgetExtension.appex */,
				BC3A0CF5A0AB7CC0DF917AC1 /* AppleMusicShareExtension.appex */,
				C10000000000000000000001 /* RemoteMediaSessionExtension.appex */,
				BA832D972F92E1000023DEE7 /* SonosWidgetTests.xctest */,
			);
			name = Products;
			sourceTree = "<group>";
		};
		BA832D632F90D2A80023DEE7 /* Frameworks */ = {
			isa = PBXGroup;
			children = (
				BA832D642F90D2A80023DEE7 /* WidgetKit.framework */,
				BA832D662F90D2A80023DEE7 /* SwiftUI.framework */,
			);
			name = Frameworks;
			sourceTree = "<group>";
		};
		BA832D952F90E0020023DEE7 /* Config */ = {
			isa = PBXGroup;
			children = (
				BA832D932F90E0020023DEE7 /* SonosOAuth.xcconfig */,
				BA832D942F90E0020023DEE7 /* SonosSecrets.example.xcconfig */,
			);
			path = Config;
			sourceTree = "<group>";
		};
/* End PBXGroup section */

/* Begin PBXNativeTarget section */
		8D65F719D012899BDE575D0A /* AppleMusicShareExtension */ = {
			isa = PBXNativeTarget;
			buildConfigurationList = AE870425246F7A922E9A6CA3 /* Build configuration list for PBXNativeTarget "AppleMusicShareExtension" */;
			buildPhases = (
				52D4752D061C0A960C256C3A /* Sources */,
				F368F35FA2491DDD1FE27C76 /* Frameworks */,
				81ECC44FBEE6927C27894748 /* Resources */,
			);
			buildRules = (
			);
			dependencies = (
			);
			fileSystemSynchronizedGroups = (
				9288B861AA7E06A6E5623D0D /* AppleMusicShareExtension */,
			);
			name = AppleMusicShareExtension;
			packageProductDependencies = (
			);
			productName = AppleMusicShareExtension;
			productReference = BC3A0CF5A0AB7CC0DF917AC1 /* AppleMusicShareExtension.appex */;
			productType = "com.apple.product-type.app-extension";
		};
		BA832D4F2F90D1690023DEE7 /* SonosWidget */ = {
			isa = PBXNativeTarget;
			buildConfigurationList = BA832D5B2F90D16C0023DEE7 /* Build configuration list for PBXNativeTarget "SonosWidget" */;
			buildPhases = (
				BA832D4C2F90D1690023DEE7 /* Sources */,
				BA832D4D2F90D1690023DEE7 /* Frameworks */,
				BA832D4E2F90D1690023DEE7 /* Resources */,
				BA832D7D2F90D2AA0023DEE7 /* Embed Foundation Extensions */,
				C1000000000000000000000F /* Embed Remote Media Extension */,
			);
			buildRules = (
			);
			dependencies = (
				BA832D772F90D2AA0023DEE7 /* PBXTargetDependency */,
				B638E843BC2D07506F85B0BE /* PBXTargetDependency */,
				C1000000000000000000000A /* PBXTargetDependency */,
			);
			fileSystemSynchronizedGroups = (
				BA832D522F90D1690023DEE7 /* SonosWidget */,
				BA832D802F90D3000023DEE7 /* Shared */,
				C1000000000000000000000E /* RemoteMediaSessionShared */,
			);
			name = SonosWidget;
			packageProductDependencies = (
			);
			productName = SonosWidget;
			productReference = BA832D502F90D1690023DEE7 /* SonosWidget.app */;
			productType = "com.apple.product-type.application";
		};
		BA832D612F90D2A80023DEE7 /* TheWidgetExtension */ = {
			isa = PBXNativeTarget;
			buildConfigurationList = BA832D7A2F90D2AA0023DEE7 /* Build configuration list for PBXNativeTarget "TheWidgetExtension" */;
			buildPhases = (
				BA832D5E2F90D2A80023DEE7 /* Sources */,
				BA832D5F2F90D2A80023DEE7 /* Frameworks */,
				BA832D602F90D2A80023DEE7 /* Resources */,
			);
			buildRules = (
			);
			dependencies = (
			);
			fileSystemSynchronizedGroups = (
				BA832D682F90D2A80023DEE7 /* TheWidget */,
				BA832D802F90D3000023DEE7 /* Shared */,
			);
			name = TheWidgetExtension;
			packageProductDependencies = (
			);
			productName = TheWidgetExtension;
			productReference = BA832D622F90D2A80023DEE7 /* TheWidgetExtension.appex */;
			productType = "com.apple.product-type.app-extension";
		};
		BA832D9C2F92E1000023DEE7 /* SonosWidgetTests */ = {
			isa = PBXNativeTarget;
			buildConfigurationList = BA832D9F2F92E1000023DEE7 /* Build configuration list for PBXNativeTarget "SonosWidgetTests" */;
			buildPhases = (
				BA832D992F92E1000023DEE7 /* Sources */,
				BA832D9A2F92E1000023DEE7 /* Frameworks */,
				BA832D9B2F92E1000023DEE7 /* Resources */,
			);
			buildRules = (
			);
			dependencies = (
				BA832DA12F92E1000023DEE7 /* PBXTargetDependency */,
			);
			fileSystemSynchronizedGroups = (
				BA832D802F90D3000023DEE7 /* Shared */,
				BA832D982F92E1000023DEE7 /* SonosWidgetTests */,
			);
			name = SonosWidgetTests;
			packageProductDependencies = (
			);
			productName = SonosWidgetTests;
			productReference = BA832D972F92E1000023DEE7 /* SonosWidgetTests.xctest */;
			productType = "com.apple.product-type.bundle.unit-test";
		};
		C10000000000000000000007 /* RemoteMediaSessionExtension */ = {
			isa = PBXNativeTarget;
			buildConfigurationList = C1000000000000000000000D /* Build configuration list for PBXNativeTarget "RemoteMediaSessionExtension" */;
			buildPhases = (
				C10000000000000000000009 /* Sources */,
				C10000000000000000000006 /* Frameworks */,
				C10000000000000000000008 /* Resources */,
			);
			buildRules = (
			);
			dependencies = (
			);
			fileSystemSynchronizedGroups = (
				C10000000000000000000005 /* RemoteMediaSessionExtension */,
				C1000000000000000000000E /* RemoteMediaSessionShared */,
			);
			name = RemoteMediaSessionExtension;
			packageProductDependencies = (
			);
			productName = RemoteMediaSessionExtension;
			productReference = C10000000000000000000001 /* RemoteMediaSessionExtension.appex */;
			productType = "com.apple.product-type.app-extension";
		};
/* End PBXNativeTarget section */

/* Begin PBXProject section */
		BA832D482F90D1690023DEE7 /* Project object */ = {
			isa = PBXProject;
			attributes = {
				BuildIndependentTargetsInParallel = 1;
				LastSwiftUpdateCheck = 2640;
				LastUpgradeCheck = 2640;
				TargetAttributes = {
					8D65F719D012899BDE575D0A = {
						CreatedOnToolsVersion = 26.4;
					};
					BA832D4F2F90D1690023DEE7 = {
						CreatedOnToolsVersion = 26.4;
					};
					BA832D612F90D2A80023DEE7 = {
						CreatedOnToolsVersion = 26.4;
					};
					BA832D9C2F92E1000023DEE7 = {
						CreatedOnToolsVersion = 26.4;
						TestTargetID = BA832D4F2F90D1690023DEE7;
					};
					C10000000000000000000007 = {
						CreatedOnToolsVersion = 27.0;
					};
				};
			};
			buildConfigurationList = BA832D4B2F90D1690023DEE7 /* Build configuration list for PBXProject "SonosWidget" */;
			developmentRegion = en;
			hasScannedForEncodings = 0;
			knownRegions = (
				en,
				Base,
			);
			mainGroup = BA832D472F90D1690023DEE7;
			minimizedProjectReferenceProxies = 1;
			preferredProjectObjectVersion = 77;
			productRefGroup = BA832D512F90D1690023DEE7 /* Products */;
			projectDirPath = "";
			projectRoot = "";
			targets = (
				BA832D4F2F90D1690023DEE7 /* SonosWidget */,
				BA832D612F90D2A80023DEE7 /* TheWidgetExtension */,
				8D65F719D012899BDE575D0A /* AppleMusicShareExtension */,
				BA832D9C2F92E1000023DEE7 /* SonosWidgetTests */,
				C10000000000000000000007 /* RemoteMediaSessionExtension */,
			);
		};
/* End PBXProject section */

/* Begin PBXResourcesBuildPhase section */
		81ECC44FBEE6927C27894748 /* Resources */ = {
			isa = PBXResourcesBuildPhase;
			buildActionMask = 2147483647;
			files = (
			);
			runOnlyForDeploymentPostprocessing = 0;
		};
		BA832D4E2F90D1690023DEE7 /* Resources */ = {
			isa = PBXResourcesBuildPhase;
			buildActionMask = 2147483647;
			files = (
			);
			runOnlyForDeploymentPostprocessing = 0;
		};
		BA832D602F90D2A80023DEE7 /* Resources */ = {
			isa = PBXResourcesBuildPhase;
			buildActionMask = 2147483647;
			files = (
			);
			runOnlyForDeploymentPostprocessing = 0;
		};
		BA832D9B2F92E1000023DEE7 /* Resources */ = {
			isa = PBXResourcesBuildPhase;
			buildActionMask = 2147483647;
			files = (
			);
			runOnlyForDeploymentPostprocessing = 0;
		};
		C10000000000000000000008 /* Resources */ = {
			isa = PBXResourcesBuildPhase;
			buildActionMask = 2147483647;
			files = (
			);
			runOnlyForDeploymentPostprocessing = 0;
		};
/* End PBXResourcesBuildPhase section */

/* Begin PBXSourcesBuildPhase section */
		52D4752D061C0A960C256C3A /* Sources */ = {
			isa = PBXSourcesBuildPhase;
			buildActionMask = 2147483647;
			files = (
			);
			runOnlyForDeploymentPostprocessing = 0;
		};
		BA832D4C2F90D1690023DEE7 /* Sources */ = {
			isa = PBXSourcesBuildPhase;
			buildActionMask = 2147483647;
			files = (
			);
			runOnlyForDeploymentPostprocessing = 0;
		};
		BA832D5E2F90D2A80023DEE7 /* Sources */ = {
			isa = PBXSourcesBuildPhase;
			buildActionMask = 2147483647;
			files = (
			);
			runOnlyForDeploymentPostprocessing = 0;
		};
		BA832D992F92E1000023DEE7 /* Sources */ = {
			isa = PBXSourcesBuildPhase;
			buildActionMask = 2147483647;
			files = (
			);
			runOnlyForDeploymentPostprocessing = 0;
		};
		C10000000000000000000009 /* Sources */ = {
			isa = PBXSourcesBuildPhase;
			buildActionMask = 2147483647;
			files = (
			);
			runOnlyForDeploymentPostprocessing = 0;
		};
/* End PBXSourcesBuildPhase section */

/* Begin PBXTargetDependency section */
		B638E843BC2D07506F85B0BE /* PBXTargetDependency */ = {
			isa = PBXTargetDependency;
			target = 8D65F719D012899BDE575D0A /* AppleMusicShareExtension */;
			targetProxy = 4BFFCA8AAE4E1FE7D453C015 /* PBXContainerItemProxy */;
		};
		BA832D772F90D2AA0023DEE7 /* PBXTargetDependency */ = {
			isa = PBXTargetDependency;
			target = BA832D612F90D2A80023DEE7 /* TheWidgetExtension */;
			targetProxy = BA832D762F90D2AA0023DEE7 /* PBXContainerItemProxy */;
		};
		BA832DA12F92E1000023DEE7 /* PBXTargetDependency */ = {
			isa = PBXTargetDependency;
			target = BA832D4F2F90D1690023DEE7 /* SonosWidget */;
			targetProxy = BA832DA02F92E1000023DEE7 /* PBXContainerItemProxy */;
		};
		C1000000000000000000000A /* PBXTargetDependency */ = {
			isa = PBXTargetDependency;
			target = C10000000000000000000007 /* RemoteMediaSessionExtension */;
			targetProxy = C10000000000000000000003 /* PBXContainerItemProxy */;
		};
/* End PBXTargetDependency section */

/* Begin XCBuildConfiguration section */
		4B843B41706AD50800647C71 /* Release */ = {
			isa = XCBuildConfiguration;
			baseConfigurationReference = BA832D932F90E0020023DEE7 /* SonosOAuth.xcconfig */;
			buildSettings = {
				APPLICATION_EXTENSION_API_ONLY = YES;
				CODE_SIGN_ENTITLEMENTS = AppleMusicShareExtension/AppleMusicShareExtension.entitlements;
				CODE_SIGN_STYLE = Automatic;
				CURRENT_PROJECT_VERSION = 1;
				DEVELOPMENT_TEAM = 3MSS7DJGVR;
				GENERATE_INFOPLIST_FILE = YES;
				INFOPLIST_FILE = AppleMusicShareExtension/Info.plist;
				INFOPLIST_KEY_CFBundleDisplayName = "Play in Charm Player";
				INFOPLIST_KEY_NSHumanReadableCopyright = "";
				IPHONEOS_DEPLOYMENT_TARGET = 18.6;
				LD_RUNPATH_SEARCH_PATHS = (
					"$(inherited)",
					"@executable_path/Frameworks",
					"@executable_path/../../Frameworks",
				);
				MARKETING_VERSION = 1.0;
				PRODUCT_BUNDLE_IDENTIFIER = com.charm.SonosWidget.AppleMusicShareExtension;
				PRODUCT_NAME = "$(TARGET_NAME)";
				SKIP_INSTALL = YES;
				STRING_CATALOG_GENERATE_SYMBOLS = YES;
				SWIFT_APPROACHABLE_CONCURRENCY = YES;
				SWIFT_EMIT_LOC_STRINGS = YES;
				SWIFT_UPCOMING_FEATURE_MEMBER_IMPORT_VISIBILITY = YES;
				SWIFT_VERSION = 5.0;
				TARGETED_DEVICE_FAMILY = "1,2";
			};
			name = Release;
		};
		730AA4BE121D160A1AFEE3D1 /* Debug */ = {
			isa = XCBuildConfiguration;
			baseConfigurationReference = BA832D932F90E0020023DEE7 /* SonosOAuth.xcconfig */;
			buildSettings = {
				APPLICATION_EXTENSION_API_ONLY = YES;
				CODE_SIGN_ENTITLEMENTS = AppleMusicShareExtension/AppleMusicShareExtension.entitlements;
				CODE_SIGN_STYLE = Automatic;
				CURRENT_PROJECT_VERSION = 1;
				DEVELOPMENT_TEAM = 3MSS7DJGVR;
				GENERATE_INFOPLIST_FILE = YES;
				INFOPLIST_FILE = AppleMusicShareExtension/Info.plist;
				INFOPLIST_KEY_CFBundleDisplayName = "Play in Charm Player";
				INFOPLIST_KEY_NSHumanReadableCopyright = "";
				IPHONEOS_DEPLOYMENT_TARGET = 18.6;
				LD_RUNPATH_SEARCH_PATHS = (
					"$(inherited)",
					"@executable_path/Frameworks",
					"@executable_path/../../Frameworks",
				);
				MARKETING_VERSION = 1.0;
				PRODUCT_BUNDLE_IDENTIFIER = com.charm.SonosWidget.AppleMusicShareExtension;
				PRODUCT_NAME = "$(TARGET_NAME)";
				SKIP_INSTALL = YES;
				STRING_CATALOG_GENERATE_SYMBOLS = YES;
				SWIFT_APPROACHABLE_CONCURRENCY = YES;
				SWIFT_EMIT_LOC_STRINGS = YES;
				SWIFT_UPCOMING_FEATURE_MEMBER_IMPORT_VISIBILITY = YES;
				SWIFT_VERSION = 5.0;
				TARGETED_DEVICE_FAMILY = "1,2";
			};
			name = Debug;
		};
		BA832D592F90D16C0023DEE7 /* Debug */ = {
			isa = XCBuildConfiguration;
			buildSettings = {
				ALWAYS_SEARCH_USER_PATHS = NO;
				ASSETCATALOG_COMPILER_GENERATE_SWIFT_ASSET_SYMBOL_EXTENSIONS = YES;
				CLANG_ANALYZER_NONNULL = YES;
				CLANG_ANALYZER_NUMBER_OBJECT_CONVERSION = YES_AGGRESSIVE;
				CLANG_CXX_LANGUAGE_STANDARD = "gnu++20";
				CLANG_ENABLE_MODULES = YES;
				CLANG_ENABLE_OBJC_ARC = YES;
				CLANG_ENABLE_OBJC_WEAK = YES;
				CLANG_WARN_BLOCK_CAPTURE_AUTORELEASING = YES;
				CLANG_WARN_BOOL_CONVERSION = YES;
				CLANG_WARN_COMMA = YES;
				CLANG_WARN_CONSTANT_CONVERSION = YES;
				CLANG_WARN_DEPRECATED_OBJC_IMPLEMENTATIONS = YES;
				CLANG_WARN_DIRECT_OBJC_ISA_USAGE = YES_ERROR;
				CLANG_WARN_DOCUMENTATION_COMMENTS = YES;
				CLANG_WARN_EMPTY_BODY = YES;
				CLANG_WARN_ENUM_CONVERSION = YES;
				CLANG_WARN_INFINITE_RECURSION = YES;
				CLANG_WARN_INT_CONVERSION = YES;
				CLANG_WARN_NON_LITERAL_NULL_CONVERSION = YES;
				CLANG_WARN_OBJC_IMPLICIT_RETAIN_SELF = YES;
				CLANG_WARN_OBJC_LITERAL_CONVERSION = YES;
				CLANG_WARN_OBJC_ROOT_CLASS = YES_ERROR;
				CLANG_WARN_QUOTED_INCLUDE_IN_FRAMEWORK_HEADER = YES;
				CLANG_WARN_RANGE_LOOP_ANALYSIS = YES;
				CLANG_WARN_STRICT_PROTOTYPES = YES;
				CLANG_WARN_SUSPICIOUS_MOVE = YES;
				CLANG_WARN_UNGUARDED_AVAILABILITY = YES_AGGRESSIVE;
				CLANG_WARN_UNREACHABLE_CODE = YES;
				CLANG_WARN__DUPLICATE_METHOD_MATCH = YES;
				COPY_PHASE_STRIP = NO;
				DEBUG_INFORMATION_FORMAT = dwarf;
				DEVELOPMENT_TEAM = 3MSS7DJGVR;
				ENABLE_STRICT_OBJC_MSGSEND = YES;
				ENABLE_TESTABILITY = YES;
				ENABLE_USER_SCRIPT_SANDBOXING = YES;
				GCC_C_LANGUAGE_STANDARD = gnu17;
				GCC_DYNAMIC_NO_PIC = NO;
				GCC_NO_COMMON_BLOCKS = YES;
				GCC_OPTIMIZATION_LEVEL = 0;
				GCC_PREPROCESSOR_DEFINITIONS = (
					"DEBUG=1",
					"$(inherited)",
				);
				GCC_WARN_64_TO_32_BIT_CONVERSION = YES;
				GCC_WARN_ABOUT_RETURN_TYPE = YES_ERROR;
				GCC_WARN_UNDECLARED_SELECTOR = YES;
				GCC_WARN_UNINITIALIZED_AUTOS = YES_AGGRESSIVE;
				GCC_WARN_UNUSED_FUNCTION = YES;
				GCC_WARN_UNUSED_VARIABLE = YES;
				IPHONEOS_DEPLOYMENT_TARGET = 18.6;
				LOCALIZATION_PREFERS_STRING_CATALOGS = YES;
				MTL_ENABLE_DEBUG_INFO = INCLUDE_SOURCE;
				MTL_FAST_MATH = YES;
				ONLY_ACTIVE_ARCH = YES;
				SDKROOT = iphoneos;
				SWIFT_ACTIVE_COMPILATION_CONDITIONS = "DEBUG $(inherited)";
				SWIFT_OPTIMIZATION_LEVEL = "-Onone";
			};
			name = Debug;
		};
		BA832D5A2F90D16C0023DEE7 /* Release */ = {
			isa = XCBuildConfiguration;
			buildSettings = {
				ALWAYS_SEARCH_USER_PATHS = NO;
				ASSETCATALOG_COMPILER_GENERATE_SWIFT_ASSET_SYMBOL_EXTENSIONS = YES;
				CLANG_ANALYZER_NONNULL = YES;
				CLANG_ANALYZER_NUMBER_OBJECT_CONVERSION = YES_AGGRESSIVE;
				CLANG_CXX_LANGUAGE_STANDARD = "gnu++20";
				CLANG_ENABLE_MODULES = YES;
				CLANG_ENABLE_OBJC_ARC = YES;
				CLANG_ENABLE_OBJC_WEAK = YES;
				CLANG_WARN_BLOCK_CAPTURE_AUTORELEASING = YES;
				CLANG_WARN_BOOL_CONVERSION = YES;
				CLANG_WARN_COMMA = YES;
				CLANG_WARN_CONSTANT_CONVERSION = YES;
				CLANG_WARN_DEPRECATED_OBJC_IMPLEMENTATIONS = YES;
				CLANG_WARN_DIRECT_OBJC_ISA_USAGE = YES_ERROR;
				CLANG_WARN_DOCUMENTATION_COMMENTS = YES;
				CLANG_WARN_EMPTY_BODY = YES;
				CLANG_WARN_ENUM_CONVERSION = YES;
				CLANG_WARN_INFINITE_RECURSION = YES;
				CLANG_WARN_INT_CONVERSION = YES;
				CLANG_WARN_NON_LITERAL_NULL_CONVERSION = YES;
				CLANG_WARN_OBJC_IMPLICIT_RETAIN_SELF = YES;
				CLANG_WARN_OBJC_LITERAL_CONVERSION = YES;
				CLANG_WARN_OBJC_ROOT_CLASS = YES_ERROR;
				CLANG_WARN_QUOTED_INCLUDE_IN_FRAMEWORK_HEADER = YES;
				CLANG_WARN_RANGE_LOOP_ANALYSIS = YES;
				CLANG_WARN_STRICT_PROTOTYPES = YES;
				CLANG_WARN_SUSPICIOUS_MOVE = YES;
				CLANG_WARN_UNGUARDED_AVAILABILITY = YES_AGGRESSIVE;
				CLANG_WARN_UNREACHABLE_CODE = YES;
				CLANG_WARN__DUPLICATE_METHOD_MATCH = YES;
				COPY_PHASE_STRIP = NO;
				DEBUG_INFORMATION_FORMAT = "dwarf-with-dsym";
				DEVELOPMENT_TEAM = 3MSS7DJGVR;
				ENABLE_NS_ASSERTIONS = NO;
				ENABLE_STRICT_OBJC_MSGSEND = YES;
				ENABLE_USER_SCRIPT_SANDBOXING = YES;
				GCC_C_LANGUAGE_STANDARD = gnu17;
				GCC_NO_COMMON_BLOCKS = YES;
				GCC_WARN_64_TO_32_BIT_CONVERSION = YES;
				GCC_WARN_ABOUT_RETURN_TYPE = YES_ERROR;
				GCC_WARN_UNDECLARED_SELECTOR = YES;
				GCC_WARN_UNINITIALIZED_AUTOS = YES_AGGRESSIVE;
				GCC_WARN_UNUSED_FUNCTION = YES;
				GCC_WARN_UNUSED_VARIABLE = YES;
				IPHONEOS_DEPLOYMENT_TARGET = 18.6;
				LOCALIZATION_PREFERS_STRING_CATALOGS = YES;
				MTL_ENABLE_DEBUG_INFO = NO;
				MTL_FAST_MATH = YES;
				ONLY_ACTIVE_ARCH = NO;
				SDKROOT = iphoneos;
				SWIFT_COMPILATION_MODE = wholemodule;
				VALIDATE_PRODUCT = YES;
			};
			name = Release;
		};
		BA832D5C2F90D16C0023DEE7 /* Debug */ = {
			isa = XCBuildConfiguration;
			baseConfigurationReference = BA832D932F90E0020023DEE7 /* SonosOAuth.xcconfig */;
			buildSettings = {
				ASSETCATALOG_COMPILER_APPICON_NAME = AppIcon;
				ASSETCATALOG_COMPILER_GLOBAL_ACCENT_COLOR_NAME = AccentColor;
				CODE_SIGN_ENTITLEMENTS = SonosWidget/SonosWidget.entitlements;
				CODE_SIGN_STYLE = Automatic;
				CURRENT_PROJECT_VERSION = 1;
				DEVELOPMENT_TEAM = 3MSS7DJGVR;
				ENABLE_PREVIEWS = YES;
				GENERATE_INFOPLIST_FILE = YES;
				INFOPLIST_FILE = SonosWidget/Info.plist;
				INFOPLIST_KEY_CFBundleDisplayName = "Charm Player";
				INFOPLIST_KEY_LSApplicationCategoryType = "public.app-category.music";
				INFOPLIST_KEY_NSAppleMusicUsageDescription = "Charm Player reads Apple Music playback, library, and favorite status so it can play library music, transfer playback to Sonos, and add Apple Music favorites.";
				INFOPLIST_KEY_NSLocalNetworkUsageDescription = "Charm Player needs to access your local network to discover and control Sonos speakers and your Hue Bridge.";
				INFOPLIST_KEY_NSSupportsLiveActivities = YES;
				INFOPLIST_KEY_NSSupportsLiveActivitiesFrequentUpdates = YES;
				INFOPLIST_KEY_UIApplicationSceneManifest_Generation = YES;
				INFOPLIST_KEY_UIApplicationSupportsIndirectInputEvents = YES;
				INFOPLIST_KEY_UILaunchScreen_Generation = YES;
				INFOPLIST_KEY_UISupportedInterfaceOrientations = "UIInterfaceOrientationPortrait UIInterfaceOrientationLandscapeLeft UIInterfaceOrientationLandscapeRight";
				INFOPLIST_KEY_UISupportedInterfaceOrientations_iPad = "UIInterfaceOrientationPortrait UIInterfaceOrientationPortraitUpsideDown UIInterfaceOrientationLandscapeLeft UIInterfaceOrientationLandscapeRight";
				INFOPLIST_KEY_UISupportedInterfaceOrientations_iPhone = "UIInterfaceOrientationPortrait UIInterfaceOrientationLandscapeLeft UIInterfaceOrientationLandscapeRight";
				IPHONEOS_DEPLOYMENT_TARGET = 18.6;
				LD_RUNPATH_SEARCH_PATHS = (
					"$(inherited)",
					"@executable_path/Frameworks",
				);
				MARKETING_VERSION = 1.0;
				PRODUCT_BUNDLE_IDENTIFIER = com.charm.SonosWidget;
				PRODUCT_NAME = "$(TARGET_NAME)";
				STRING_CATALOG_GENERATE_SYMBOLS = YES;
				SWIFT_APPROACHABLE_CONCURRENCY = YES;
				SWIFT_DEFAULT_ACTOR_ISOLATION = MainActor;
				SWIFT_EMIT_LOC_STRINGS = YES;
				SWIFT_UPCOMING_FEATURE_MEMBER_IMPORT_VISIBILITY = YES;
				SWIFT_VERSION = 5.0;
				TARGETED_DEVICE_FAMILY = "1,2";
			};
			name = Debug;
		};
		BA832D5D2F90D16C0023DEE7 /* Release */ = {
			isa = XCBuildConfiguration;
			baseConfigurationReference = BA832D932F90E0020023DEE7 /* SonosOAuth.xcconfig */;
			buildSettings = {
				ASSETCATALOG_COMPILER_APPICON_NAME = AppIcon;
				ASSETCATALOG_COMPILER_GLOBAL_ACCENT_COLOR_NAME = AccentColor;
				CODE_SIGN_ENTITLEMENTS = SonosWidget/SonosWidget.entitlements;
				CODE_SIGN_STYLE = Automatic;
				CURRENT_PROJECT_VERSION = 1;
				DEVELOPMENT_TEAM = 3MSS7DJGVR;
				ENABLE_PREVIEWS = YES;
				GENERATE_INFOPLIST_FILE = YES;
				INFOPLIST_FILE = SonosWidget/Info.plist;
				INFOPLIST_KEY_CFBundleDisplayName = "Charm Player";
				INFOPLIST_KEY_LSApplicationCategoryType = "public.app-category.music";
				INFOPLIST_KEY_NSAppleMusicUsageDescription = "Charm Player reads Apple Music playback, library, and favorite status so it can play library music, transfer playback to Sonos, and add Apple Music favorites.";
				INFOPLIST_KEY_NSLocalNetworkUsageDescription = "Charm Player needs to access your local network to discover and control Sonos speakers and your Hue Bridge.";
				INFOPLIST_KEY_NSSupportsLiveActivities = YES;
				INFOPLIST_KEY_NSSupportsLiveActivitiesFrequentUpdates = YES;
				INFOPLIST_KEY_UIApplicationSceneManifest_Generation = YES;
				INFOPLIST_KEY_UIApplicationSupportsIndirectInputEvents = YES;
				INFOPLIST_KEY_UILaunchScreen_Generation = YES;
				INFOPLIST_KEY_UISupportedInterfaceOrientations = "UIInterfaceOrientationPortrait UIInterfaceOrientationLandscapeLeft UIInterfaceOrientationLandscapeRight";
				INFOPLIST_KEY_UISupportedInterfaceOrientations_iPad = "UIInterfaceOrientationPortrait UIInterfaceOrientationPortraitUpsideDown UIInterfaceOrientationLandscapeLeft UIInterfaceOrientationLandscapeRight";
				INFOPLIST_KEY_UISupportedInterfaceOrientations_iPhone = "UIInterfaceOrientationPortrait UIInterfaceOrientationLandscapeLeft UIInterfaceOrientationLandscapeRight";
				IPHONEOS_DEPLOYMENT_TARGET = 18.6;
				LD_RUNPATH_SEARCH_PATHS = (
					"$(inherited)",
					"@executable_path/Frameworks",
				);
				MARKETING_VERSION = 1.0;
				PRODUCT_BUNDLE_IDENTIFIER = com.charm.SonosWidget;
				PRODUCT_NAME = "$(TARGET_NAME)";
				STRING_CATALOG_GENERATE_SYMBOLS = YES;
				SWIFT_APPROACHABLE_CONCURRENCY = YES;
				SWIFT_DEFAULT_ACTOR_ISOLATION = MainActor;
				SWIFT_EMIT_LOC_STRINGS = YES;
				SWIFT_UPCOMING_FEATURE_MEMBER_IMPORT_VISIBILITY = YES;
				SWIFT_VERSION = 5.0;
				TARGETED_DEVICE_FAMILY = "1,2";
			};
			name = Release;
		};
		BA832D7B2F90D2AA0023DEE7 /* Debug */ = {
			isa = XCBuildConfiguration;
			baseConfigurationReference = BA832D932F90E0020023DEE7 /* SonosOAuth.xcconfig */;
			buildSettings = {
				ASSETCATALOG_COMPILER_GLOBAL_ACCENT_COLOR_NAME = AccentColor;
				ASSETCATALOG_COMPILER_WIDGET_BACKGROUND_COLOR_NAME = WidgetBackground;
				CODE_SIGN_ENTITLEMENTS = TheWidget/TheWidgetExtension.entitlements;
				CODE_SIGN_STYLE = Automatic;
				CURRENT_PROJECT_VERSION = 1;
				DEVELOPMENT_TEAM = 3MSS7DJGVR;
				GENERATE_INFOPLIST_FILE = YES;
				INFOPLIST_FILE = TheWidget/Info.plist;
				INFOPLIST_KEY_CFBundleDisplayName = "Charm Player Widget";
				INFOPLIST_KEY_NSHumanReadableCopyright = "";
				LD_RUNPATH_SEARCH_PATHS = (
					"$(inherited)",
					"@executable_path/Frameworks",
					"@executable_path/../../Frameworks",
				);
				MARKETING_VERSION = 1.0;
				PRODUCT_BUNDLE_IDENTIFIER = com.charm.SonosWidget.TheWidget;
				PRODUCT_NAME = "$(TARGET_NAME)";
				SKIP_INSTALL = YES;
				STRING_CATALOG_GENERATE_SYMBOLS = YES;
				SWIFT_APPROACHABLE_CONCURRENCY = YES;
				SWIFT_EMIT_LOC_STRINGS = YES;
				SWIFT_UPCOMING_FEATURE_MEMBER_IMPORT_VISIBILITY = YES;
				SWIFT_VERSION = 5.0;
				TARGETED_DEVICE_FAMILY = "1,2";
			};
			name = Debug;
		};
		BA832D7C2F90D2AA0023DEE7 /* Release */ = {
			isa = XCBuildConfiguration;
			baseConfigurationReference = BA832D932F90E0020023DEE7 /* SonosOAuth.xcconfig */;
			buildSettings = {
				ASSETCATALOG_COMPILER_GLOBAL_ACCENT_COLOR_NAME = AccentColor;
				ASSETCATALOG_COMPILER_WIDGET_BACKGROUND_COLOR_NAME = WidgetBackground;
				CODE_SIGN_ENTITLEMENTS = TheWidget/TheWidgetExtension.entitlements;
				CODE_SIGN_STYLE = Automatic;
				CURRENT_PROJECT_VERSION = 1;
				DEVELOPMENT_TEAM = 3MSS7DJGVR;
				GENERATE_INFOPLIST_FILE = YES;
				INFOPLIST_FILE = TheWidget/Info.plist;
				INFOPLIST_KEY_CFBundleDisplayName = "Charm Player Widget";
				INFOPLIST_KEY_NSHumanReadableCopyright = "";
				LD_RUNPATH_SEARCH_PATHS = (
					"$(inherited)",
					"@executable_path/Frameworks",
					"@executable_path/../../Frameworks",
				);
				MARKETING_VERSION = 1.0;
				PRODUCT_BUNDLE_IDENTIFIER = com.charm.SonosWidget.TheWidget;
				PRODUCT_NAME = "$(TARGET_NAME)";
				SKIP_INSTALL = YES;
				STRING_CATALOG_GENERATE_SYMBOLS = YES;
				SWIFT_APPROACHABLE_CONCURRENCY = YES;
				SWIFT_EMIT_LOC_STRINGS = YES;
				SWIFT_UPCOMING_FEATURE_MEMBER_IMPORT_VISIBILITY = YES;
				SWIFT_VERSION = 5.0;
				TARGETED_DEVICE_FAMILY = "1,2";
			};
			name = Release;
		};
		BA832D9D2F92E1000023DEE7 /* Debug */ = {
			isa = XCBuildConfiguration;
			buildSettings = {
				BUNDLE_LOADER = "$(TEST_HOST)";
				CODE_SIGN_STYLE = Automatic;
				CURRENT_PROJECT_VERSION = 1;
				DEVELOPMENT_TEAM = 3MSS7DJGVR;
				GENERATE_INFOPLIST_FILE = YES;
				IPHONEOS_DEPLOYMENT_TARGET = 18.6;
				LD_RUNPATH_SEARCH_PATHS = (
					"$(inherited)",
					"@executable_path/Frameworks",
					"@loader_path/Frameworks",
				);
				MARKETING_VERSION = 1.0;
				PRODUCT_BUNDLE_IDENTIFIER = com.charm.SonosWidgetTests;
				PRODUCT_NAME = "$(TARGET_NAME)";
				SWIFT_APPROACHABLE_CONCURRENCY = YES;
				SWIFT_DEFAULT_ACTOR_ISOLATION = MainActor;
				SWIFT_EMIT_LOC_STRINGS = NO;
				SWIFT_UPCOMING_FEATURE_MEMBER_IMPORT_VISIBILITY = YES;
				SWIFT_VERSION = 5.0;
				TARGETED_DEVICE_FAMILY = "1,2";
				TEST_HOST = "$(BUILT_PRODUCTS_DIR)/SonosWidget.app/$(BUNDLE_EXECUTABLE_FOLDER_PATH)/SonosWidget";
				TEST_TARGET_NAME = SonosWidget;
			};
			name = Debug;
		};
		BA832D9E2F92E1000023DEE7 /* Release */ = {
			isa = XCBuildConfiguration;
			buildSettings = {
				BUNDLE_LOADER = "$(TEST_HOST)";
				CODE_SIGN_STYLE = Automatic;
				CURRENT_PROJECT_VERSION = 1;
				DEVELOPMENT_TEAM = 3MSS7DJGVR;
				GENERATE_INFOPLIST_FILE = YES;
				IPHONEOS_DEPLOYMENT_TARGET = 18.6;
				LD_RUNPATH_SEARCH_PATHS = (
					"$(inherited)",
					"@executable_path/Frameworks",
					"@loader_path/Frameworks",
				);
				MARKETING_VERSION = 1.0;
				PRODUCT_BUNDLE_IDENTIFIER = com.charm.SonosWidgetTests;
				PRODUCT_NAME = "$(TARGET_NAME)";
				SWIFT_APPROACHABLE_CONCURRENCY = YES;
				SWIFT_DEFAULT_ACTOR_ISOLATION = MainActor;
				SWIFT_EMIT_LOC_STRINGS = NO;
				SWIFT_UPCOMING_FEATURE_MEMBER_IMPORT_VISIBILITY = YES;
				SWIFT_VERSION = 5.0;
				TARGETED_DEVICE_FAMILY = "1,2";
				TEST_HOST = "$(BUILT_PRODUCTS_DIR)/SonosWidget.app/$(BUNDLE_EXECUTABLE_FOLDER_PATH)/SonosWidget";
				TEST_TARGET_NAME = SonosWidget;
			};
			name = Release;
		};
		C1000000000000000000000B /* Debug */ = {
			isa = XCBuildConfiguration;
			buildSettings = {
				APPLICATION_EXTENSION_API_ONLY = YES;
				CODE_SIGN_ENTITLEMENTS = RemoteMediaSessionExtension/RemoteMediaSessionExtension.entitlements;
				CODE_SIGN_STYLE = Automatic;
				CURRENT_PROJECT_VERSION = 1;
				DEVELOPMENT_TEAM = 3MSS7DJGVR;
				GENERATE_INFOPLIST_FILE = YES;
				INFOPLIST_FILE = RemoteMediaSessionExtension/Info.plist;
				INFOPLIST_KEY_CFBundleDisplayName = "Charm Player Remote";
				IPHONEOS_DEPLOYMENT_TARGET = 27.0;
				LD_RUNPATH_SEARCH_PATHS = (
					"$(inherited)",
					"@executable_path/Frameworks",
					"@executable_path/../../Frameworks",
				);
				MARKETING_VERSION = 1.0;
				PRODUCT_BUNDLE_IDENTIFIER = com.charm.SonosWidget.RemoteMediaSessionExtension;
				PRODUCT_NAME = "$(TARGET_NAME)";
				SKIP_INSTALL = YES;
				STRING_CATALOG_GENERATE_SYMBOLS = YES;
				SWIFT_APPROACHABLE_CONCURRENCY = YES;
				SWIFT_DEFAULT_ACTOR_ISOLATION = MainActor;
				SWIFT_EMIT_LOC_STRINGS = YES;
				SWIFT_UPCOMING_FEATURE_MEMBER_IMPORT_VISIBILITY = YES;
				SWIFT_VERSION = 5.0;
				TARGETED_DEVICE_FAMILY = "1,2";
			};
			name = Debug;
		};
		C1000000000000000000000C /* Release */ = {
			isa = XCBuildConfiguration;
			buildSettings = {
				APPLICATION_EXTENSION_API_ONLY = YES;
				CODE_SIGN_ENTITLEMENTS = RemoteMediaSessionExtension/RemoteMediaSessionExtension.entitlements;
				CODE_SIGN_STYLE = Automatic;
				CURRENT_PROJECT_VERSION = 1;
				DEVELOPMENT_TEAM = 3MSS7DJGVR;
				GENERATE_INFOPLIST_FILE = YES;
				INFOPLIST_FILE = RemoteMediaSessionExtension/Info.plist;
				INFOPLIST_KEY_CFBundleDisplayName = "Charm Player Remote";
				IPHONEOS_DEPLOYMENT_TARGET = 27.0;
				LD_RUNPATH_SEARCH_PATHS = (
					"$(inherited)",
					"@executable_path/Frameworks",
					"@executable_path/../../Frameworks",
				);
				MARKETING_VERSION = 1.0;
				PRODUCT_BUNDLE_IDENTIFIER = com.charm.SonosWidget.RemoteMediaSessionExtension;
				PRODUCT_NAME = "$(TARGET_NAME)";
				SKIP_INSTALL = YES;
				STRING_CATALOG_GENERATE_SYMBOLS = YES;
				SWIFT_APPROACHABLE_CONCURRENCY = YES;
				SWIFT_DEFAULT_ACTOR_ISOLATION = MainActor;
				SWIFT_EMIT_LOC_STRINGS = YES;
				SWIFT_UPCOMING_FEATURE_MEMBER_IMPORT_VISIBILITY = YES;
				SWIFT_VERSION = 5.0;
				TARGETED_DEVICE_FAMILY = "1,2";
			};
			name = Release;
		};
/* End XCBuildConfiguration section */

/* Begin XCConfigurationList section */
		AE870425246F7A922E9A6CA3 /* Build configuration list for PBXNativeTarget "AppleMusicShareExtension" */ = {
			isa = XCConfigurationList;
			buildConfigurations = (
				730AA4BE121D160A1AFEE3D1 /* Debug */,
				4B843B41706AD50800647C71 /* Release */,
			);
			defaultConfigurationIsVisible = 0;
			defaultConfigurationName = Release;
		};
		BA832D4B2F90D1690023DEE7 /* Build configuration list for PBXProject "SonosWidget" */ = {
			isa = XCConfigurationList;
			buildConfigurations = (
				BA832D592F90D16C0023DEE7 /* Debug */,
				BA832D5A2F90D16C0023DEE7 /* Release */,
			);
			defaultConfigurationIsVisible = 0;
			defaultConfigurationName = Release;
		};
		BA832D5B2F90D16C0023DEE7 /* Build configuration list for PBXNativeTarget "SonosWidget" */ = {
			isa = XCConfigurationList;
			buildConfigurations = (
				BA832D5C2F90D16C0023DEE7 /* Debug */,
				BA832D5D2F90D16C0023DEE7 /* Release */,
			);
			defaultConfigurationIsVisible = 0;
			defaultConfigurationName = Release;
		};
		BA832D7A2F90D2AA0023DEE7 /* Build configuration list for PBXNativeTarget "TheWidgetExtension" */ = {
			isa = XCConfigurationList;
			buildConfigurations = (
				BA832D7B2F90D2AA0023DEE7 /* Debug */,
				BA832D7C2F90D2AA0023DEE7 /* Release */,
			);
			defaultConfigurationIsVisible = 0;
			defaultConfigurationName = Release;
		};
		BA832D9F2F92E1000023DEE7 /* Build configuration list for PBXNativeTarget "SonosWidgetTests" */ = {
			isa = XCConfigurationList;
			buildConfigurations = (
				BA832D9D2F92E1000023DEE7 /* Debug */,
				BA832D9E2F92E1000023DEE7 /* Release */,
			);
			defaultConfigurationIsVisible = 0;
			defaultConfigurationName = Release;
		};
		C1000000000000000000000D /* Build configuration list for PBXNativeTarget "RemoteMediaSessionExtension" */ = {
			isa = XCConfigurationList;
			buildConfigurations = (
				C1000000000000000000000B /* Debug */,
				C1000000000000000000000C /* Release */,
			);
			defaultConfigurationIsVisible = 0;
			defaultConfigurationName = Release;
		};
/* End XCConfigurationList section */
	};
	rootObject = BA832D482F90D1690023DEE7 /* Project object */;
}
